// !$*UTF8*$!
{
	archiveVersion = 1;
	classes = {
	};
	objectVersion = 46;
	objects = {

/* Begin PBXBuildFile section */
		822F0F41152EE92D00BDA153 /* UIKit.framework in Frameworks */ = {isa = PBXBuildFile; fileRef = 822F0F40152EE92D00BDA153 /* UIKit.framework */; };
		822F0F43152EE92D00BDA153 /* Foundation.framework in Frameworks */ = {isa = PBXBuildFile; fileRef = 822F0F42152EE92D00BDA153 /* Foundation.framework */; };
		822F0F45152EE92D00BDA153 /* CoreGraphics.framework in Frameworks */ = {isa = PBXBuildFile; fileRef = 822F0F44152EE92D00BDA153 /* CoreGraphics.framework */; };
		822F0F4B152EE92D00BDA153 /* InfoPlist.strings in Resources */ = {isa = PBXBuildFile; fileRef = 822F0F49152EE92D00BDA153 /* InfoPlist.strings */; };
		822F0F4D152EE92D00BDA153 /* main.m in Sources */ = {isa = PBXBuildFile; fileRef = 822F0F4C152EE92D00BDA153 /* main.m */; };
		822F0F51152EE92D00BDA153 /* AppDelegate.m in Sources */ = {isa = PBXBuildFile; fileRef = 822F0F50152EE92D00BDA153 /* AppDelegate.m */; };
		822F0F54152EE92D00BDA153 /* ViewController.m in Sources */ = {isa = PBXBuildFile; fileRef = 822F0F53152EE92D00BDA153 /* ViewController.m */; };
		822F0F57152EE92D00BDA153 /* ViewController_iPhone.xib in Resources */ = {isa = PBXBuildFile; fileRef = 822F0F55152EE92D00BDA153 /* ViewController_iPhone.xib */; };
		822F0F5A152EE92D00BDA153 /* ViewController_iPad.xib in Resources */ = {isa = PBXBuildFile; fileRef = 822F0F58152EE92D00BDA153 /* ViewController_iPad.xib */; };
		822F0F62152EEA2800BDA153 /* CSVWriter.m in Sources */ = {isa = PBXBuildFile; fileRef = 822F0F61152EEA2800BDA153 /* CSVWriter.m */; };
		822F0F78152EFB4C00BDA153 /* CoreMotion.framework in Frameworks */ = {isa = PBXBuildFile; fileRef = 822F0F77152EFB4C00BDA153 /* CoreMotion.framework */; };
		822F0F7B152F267100BDA153 /* GryoData.m in Sources */ = {isa = PBXBuildFile; fileRef = 822F0F7A152F267000BDA153 /* GryoData.m */; };
		E531F271152F516A00BCE6B5 /* KeyHelper.m in Sources */ = {isa = PBXBuildFile; fileRef = E531F26E152F516A00BCE6B5 /* KeyHelper.m */; };
		E531F272152F516A00BCE6B5 /* RIOInterface.mm in Sources */ = {isa = PBXBuildFile; fileRef = E531F270152F516A00BCE6B5 /* RIOInterface.mm */; };
		E531F27E152F560300BCE6B5 /* CAXException.cpp in Sources */ = {isa = PBXBuildFile; fileRef = E531F27C152F560300BCE6B5 /* CAXException.cpp */; };
		E531F283152F5A7900BCE6B5 /* AudioToolbox.framework in Frameworks */ = {isa = PBXBuildFile; fileRef = E531F282152F5A7900BCE6B5 /* AudioToolbox.framework */; };
		E531F287152F5A9600BCE6B5 /* AVFoundation.framework in Frameworks */ = {isa = PBXBuildFile; fileRef = E531F286152F5A9600BCE6B5 /* AVFoundation.framework */; };
		E531F289152F5AE000BCE6B5 /* CoreFoundation.framework in Frameworks */ = {isa = PBXBuildFile; fileRef = E531F288152F5AE000BCE6B5 /* CoreFoundation.framework */; };
		E531F28D152F5B0D00BCE6B5 /* Accelerate.framework in Frameworks */ = {isa = PBXBuildFile; fileRef = E531F28C152F5B0D00BCE6B5 /* Accelerate.framework */; };
		E531F290152F5E8700BCE6B5 /* CoreAudio.framework in Frameworks */ = {isa = PBXBuildFile; fileRef = E531F28E152F5D4A00BCE6B5 /* CoreAudio.framework */; };
		E5E8EAE5153D3B4500073E44 /* SenTestingKit.framework in Frameworks */ = {isa = PBXBuildFile; fileRef = E5E8EAE4153D3B4500073E44 /* SenTestingKit.framework */; };
/* End PBXBuildFile section */

/* Begin PBXFileReference section */
		822F0F3C152EE92D00BDA153 /* ECE256.app */ = {isa = PBXFileReference; explicitFileType = wrapper.application; includeInIndex = 0; path = ECE256.app; sourceTree = BUILT_PRODUCTS_DIR; };
		822F0F40152EE92D00BDA153 /* UIKit.framework */ = {isa = PBXFileReference; lastKnownFileType = wrapper.framework; name = UIKit.framework; path = System/Library/Frameworks/UIKit.framework; sourceTree = SDKROOT; };
		822F0F42152EE92D00BDA153 /* Foundation.framework */ = {isa = PBXFileReference; lastKnownFileType = wrapper.framework; name = Foundation.framework; path = System/Library/Frameworks/Foundation.framework; sourceTree = SDKROOT; };
		822F0F44152EE92D00BDA153 /* CoreGraphics.framework */ = {isa = PBXFileReference; lastKnownFileType = wrapper.framework; name = CoreGraphics.framework; path = System/Library/Frameworks/CoreGraphics.framework; sourceTree = SDKROOT; };
		822F0F48152EE92D00BDA153 /* ECE256-Info.plist */ = {isa = PBXFileReference; lastKnownFileType = text.plist.xml; path = "ECE256-Info.plist"; sourceTree = "<group>"; };
		822F0F4A152EE92D00BDA153 /* en */ = {isa = PBXFileReference; lastKnownFileType = text.plist.strings; name = en; path = en.lproj/InfoPlist.strings; sourceTree = "<group>"; };
		822F0F4C152EE92D00BDA153 /* main.m */ = {isa = PBXFileReference; lastKnownFileType = sourcecode.c.objc; path = main.m; sourceTree = "<group>"; };
		822F0F4E152EE92D00BDA153 /* ECE256-Prefix.pch */ = {isa = PBXFileReference; lastKnownFileType = sourcecode.c.h; path = "ECE256-Prefix.pch"; sourceTree = "<group>"; };
		822F0F4F152EE92D00BDA153 /* AppDelegate.h */ = {isa = PBXFileReference; lastKnownFileType = sourcecode.c.h; path = AppDelegate.h; sourceTree = "<group>"; };
		822F0F50152EE92D00BDA153 /* AppDelegate.m */ = {isa = PBXFileReference; lastKnownFileType = sourcecode.c.objc; path = AppDelegate.m; sourceTree = "<group>"; };
		822F0F52152EE92D00BDA153 /* ViewController.h */ = {isa = PBXFileReference; lastKnownFileType = sourcecode.c.h; path = ViewController.h; sourceTree = "<group>"; };
		822F0F53152EE92D00BDA153 /* ViewController.m */ = {isa = PBXFileReference; lastKnownFileType = sourcecode.c.objc; path = ViewController.m; sourceTree = "<group>"; };
		822F0F56152EE92D00BDA153 /* en */ = {isa = PBXFileReference; lastKnownFileType = file.xib; name = en; path = en.lproj/ViewController_iPhone.xib; sourceTree = "<group>"; };
		822F0F59152EE92D00BDA153 /* en */ = {isa = PBXFileReference; lastKnownFileType = file.xib; name = en; path = en.lproj/ViewController_iPad.xib; sourceTree = "<group>"; };
		822F0F60152EEA2800BDA153 /* CSVWriter.h */ = {isa = PBXFileReference; fileEncoding = 4; lastKnownFileType = sourcecode.c.h; path = CSVWriter.h; sourceTree = "<group>"; };
		822F0F61152EEA2800BDA153 /* CSVWriter.m */ = {isa = PBXFileReference; fileEncoding = 4; lastKnownFileType = sourcecode.c.objc; path = CSVWriter.m; sourceTree = "<group>"; };
		822F0F77152EFB4C00BDA153 /* CoreMotion.framework */ = {isa = PBXFileReference; lastKnownFileType = wrapper.framework; name = CoreMotion.framework; path = System/Library/Frameworks/CoreMotion.framework; sourceTree = SDKROOT; };
		822F0F79152F267000BDA153 /* GryoData.h */ = {isa = PBXFileReference; fileEncoding = 4; lastKnownFileType = sourcecode.c.h; path = GryoData.h; sourceTree = "<group>"; };
		822F0F7A152F267000BDA153 /* GryoData.m */ = {isa = PBXFileReference; fileEncoding = 4; lastKnownFileType = sourcecode.c.objc; path = GryoData.m; sourceTree = "<group>"; };
		E531F26D152F516A00BCE6B5 /* KeyHelper.h */ = {isa = PBXFileReference; fileEncoding = 4; lastKnownFileType = sourcecode.c.h; path = KeyHelper.h; sourceTree = "<group>"; };
		E531F26E152F516A00BCE6B5 /* KeyHelper.m */ = {isa = PBXFileReference; fileEncoding = 4; lastKnownFileType = sourcecode.c.objc; path = KeyHelper.m; sourceTree = "<group>"; };
		E531F26F152F516A00BCE6B5 /* RIOInterface.h */ = {isa = PBXFileReference; fileEncoding = 4; lastKnownFileType = sourcecode.c.h; path = RIOInterface.h; sourceTree = "<group>"; };
		E531F270152F516A00BCE6B5 /* RIOInterface.mm */ = {isa = PBXFileReference; fileEncoding = 4; lastKnownFileType = sourcecode.cpp.objcpp; path = RIOInterface.mm; sourceTree = "<group>"; };
		E531F279152F544C00BCE6B5 /* RIODelegate.h */ = {isa = PBXFileReference; lastKnownFileType = sourcecode.c.h; path = RIODelegate.h; sourceTree = "<group>"; };
		E531F27A152F560300BCE6B5 /* CADebugMacros.h */ = {isa = PBXFileReference; fileEncoding = 4; lastKnownFileType = sourcecode.c.h; path = CADebugMacros.h; sourceTree = "<group>"; };
		E531F27B152F560300BCE6B5 /* CAStreamBasicDescription.h */ = {isa = PBXFileReference; fileEncoding = 4; lastKnownFileType = sourcecode.c.h; path = CAStreamBasicDescription.h; sourceTree = "<group>"; };
		E531F27C152F560300BCE6B5 /* CAXException.cpp */ = {isa = PBXFileReference; fileEncoding = 4; lastKnownFileType = sourcecode.cpp.cpp; path = CAXException.cpp; sourceTree = "<group>"; };
		E531F27D152F560300BCE6B5 /* CAXException.h */ = {isa = PBXFileReference; fileEncoding = 4; lastKnownFileType = sourcecode.c.h; path = CAXException.h; sourceTree = "<group>"; };
		E531F282152F5A7900BCE6B5 /* AudioToolbox.framework */ = {isa = PBXFileReference; lastKnownFileType = wrapper.framework; name = AudioToolbox.framework; path = System/Library/Frameworks/AudioToolbox.framework; sourceTree = SDKROOT; };
		E531F286152F5A9600BCE6B5 /* AVFoundation.framework */ = {isa = PBXFileReference; lastKnownFileType = wrapper.framework; name = AVFoundation.framework; path = System/Library/Frameworks/AVFoundation.framework; sourceTree = SDKROOT; };
		E531F288152F5AE000BCE6B5 /* CoreFoundation.framework */ = {isa = PBXFileReference; lastKnownFileType = wrapper.framework; name = CoreFoundation.framework; path = System/Library/Frameworks/CoreFoundation.framework; sourceTree = SDKROOT; };
		E531F28C152F5B0D00BCE6B5 /* Accelerate.framework */ = {isa = PBXFileReference; lastKnownFileType = wrapper.framework; name = Accelerate.framework; path = System/Library/Frameworks/Accelerate.framework; sourceTree = SDKROOT; };
		E531F28E152F5D4A00BCE6B5 /* CoreAudio.framework */ = {isa = PBXFileReference; lastKnownFileType = wrapper.framework; name = CoreAudio.framework; path = System/Library/Frameworks/CoreAudio.framework; sourceTree = SDKROOT; };
		E5CCFD64153134E900D7720A /* CADebugPrintf.cpp */ = {isa = PBXFileReference; lastKnownFileType = sourcecode.cpp.cpp; path = CADebugPrintf.cpp; sourceTree = "<group>"; };
		E5CCFD65153134E900D7720A /* CADebugPrintf.h */ = {isa = PBXFileReference; lastKnownFileType = sourcecode.c.h; path = CADebugPrintf.h; sourceTree = "<group>"; };
		E5E8EAE4153D3B4500073E44 /* SenTestingKit.framework */ = {isa = PBXFileReference; lastKnownFileType = wrapper.framework; name = SenTestingKit.framework; path = Library/Frameworks/SenTestingKit.framework; sourceTree = DEVELOPER_DIR; };
/* End PBXFileReference section */

/* Begin PBXFrameworksBuildPhase section */
		822F0F39152EE92D00BDA153 /* Frameworks */ = {
			isa = PBXFrameworksBuildPhase;
			buildActionMask = 2147483647;
			files = (
				E5E8EAE5153D3B4500073E44 /* SenTestingKit.framework in Frameworks */,
				E531F290152F5E8700BCE6B5 /* CoreAudio.framework in Frameworks */,
				E531F28D152F5B0D00BCE6B5 /* Accelerate.framework in Frameworks */,
				E531F289152F5AE000BCE6B5 /* CoreFoundation.framework in Frameworks */,
				822F0F78152EFB4C00BDA153 /* CoreMotion.framework in Frameworks */,
				822F0F41152EE92D00BDA153 /* UIKit.framework in Frameworks */,
				822F0F43152EE92D00BDA153 /* Foundation.framework in Frameworks */,
				822F0F45152EE92D00BDA153 /* CoreGraphics.framework in Frameworks */,
				E531F283152F5A7900BCE6B5 /* AudioToolbox.framework in Frameworks */,
				E531F287152F5A9600BCE6B5 /* AVFoundation.framework in Frameworks */,
			);
			runOnlyForDeploymentPostprocessing = 0;
		};
/* End PBXFrameworksBuildPhase section */

/* Begin PBXGroup section */
		822F0F31152EE92C00BDA153 = {
			isa = PBXGroup;
			children = (
				822F0F46152EE92D00BDA153 /* ECE256 */,
				822F0F3F152EE92D00BDA153 /* Frameworks */,
				822F0F3D152EE92D00BDA153 /* Products */,
			);
			sourceTree = "<group>";
		};
		822F0F3D152EE92D00BDA153 /* Products */ = {
			isa = PBXGroup;
			children = (
				822F0F3C152EE92D00BDA153 /* ECE256.app */,
			);
			name = Products;
			sourceTree = "<group>";
		};
		822F0F3F152EE92D00BDA153 /* Frameworks */ = {
			isa = PBXGroup;
			children = (
				E5E8EAE4153D3B4500073E44 /* SenTestingKit.framework */,
				E531F28E152F5D4A00BCE6B5 /* CoreAudio.framework */,
				822F0F42152EE92D00BDA153 /* Foundation.framework */,
				822F0F77152EFB4C00BDA153 /* CoreMotion.framework */,
				822F0F40152EE92D00BDA153 /* UIKit.framework */,
				E531F28C152F5B0D00BCE6B5 /* Accelerate.framework */,
				E531F288152F5AE000BCE6B5 /* CoreFoundation.framework */,
				E531F286152F5A9600BCE6B5 /* AVFoundation.framework */,
				E531F282152F5A7900BCE6B5 /* AudioToolbox.framework */,
				822F0F44152EE92D00BDA153 /* CoreGraphics.framework */,
			);
			name = Frameworks;
			sourceTree = "<group>";
		};
		822F0F46152EE92D00BDA153 /* ECE256 */ = {
			isa = PBXGroup;
			children = (
				E531F274152F517400BCE6B5 /* Microphone */,
				822F0F4F152EE92D00BDA153 /* AppDelegate.h */,
				822F0F50152EE92D00BDA153 /* AppDelegate.m */,
				822F0F60152EEA2800BDA153 /* CSVWriter.h */,
				822F0F61152EEA2800BDA153 /* CSVWriter.m */,
				822F0F79152F267000BDA153 /* GryoData.h */,
				822F0F7A152F267000BDA153 /* GryoData.m */,
				822F0F52152EE92D00BDA153 /* ViewController.h */,
				822F0F53152EE92D00BDA153 /* ViewController.m */,
				E531F279152F544C00BCE6B5 /* RIODelegate.h */,
				822F0F55152EE92D00BDA153 /* ViewController_iPhone.xib */,
				822F0F58152EE92D00BDA153 /* ViewController_iPad.xib */,
				822F0F47152EE92D00BDA153 /* Supporting Files */,
			);
			path = ECE256;
			sourceTree = "<group>";
		};
		822F0F47152EE92D00BDA153 /* Supporting Files */ = {
			isa = PBXGroup;
			children = (
				822F0F48152EE92D00BDA153 /* ECE256-Info.plist */,
				822F0F49152EE92D00BDA153 /* InfoPlist.strings */,
				822F0F4C152EE92D00BDA153 /* main.m */,
				822F0F4E152EE92D00BDA153 /* ECE256-Prefix.pch */,
			);
			name = "Supporting Files";
			sourceTree = "<group>";
		};
		E531F274152F517400BCE6B5 /* Microphone */ = {
			isa = PBXGroup;
			children = (
				E531F27F152F562300BCE6B5 /* CAUtil */,
				E531F26D152F516A00BCE6B5 /* KeyHelper.h */,
				E531F26E152F516A00BCE6B5 /* KeyHelper.m */,
				E531F26F152F516A00BCE6B5 /* RIOInterface.h */,
				E531F270152F516A00BCE6B5 /* RIOInterface.mm */,
			);
			name = Microphone;
			sourceTree = "<group>";
		};
		E531F27F152F562300BCE6B5 /* CAUtil */ = {
			isa = PBXGroup;
			children = (
				E5CCFD64153134E900D7720A /* CADebugPrintf.cpp */,
				E5CCFD65153134E900D7720A /* CADebugPrintf.h */,
				E531F27A152F560300BCE6B5 /* CADebugMacros.h */,
				E531F27B152F560300BCE6B5 /* CAStreamBasicDescription.h */,
				E531F27C152F560300BCE6B5 /* CAXException.cpp */,
				E531F27D152F560300BCE6B5 /* CAXException.h */,
			);
			name = CAUtil;
			sourceTree = "<group>";
		};
/* End PBXGroup section */

/* Begin PBXNativeTarget section */
		822F0F3B152EE92D00BDA153 /* ECE256 */ = {
			isa = PBXNativeTarget;
			buildConfigurationList = 822F0F5D152EE92D00BDA153 /* Build configuration list for PBXNativeTarget "ECE256" */;
			buildPhases = (
				822F0F38152EE92D00BDA153 /* Sources */,
				822F0F39152EE92D00BDA153 /* Frameworks */,
				822F0F3A152EE92D00BDA153 /* Resources */,
			);
			buildRules = (
			);
			dependencies = (
			);
			name = ECE256;
			productName = ECE256;
			productReference = 822F0F3C152EE92D00BDA153 /* ECE256.app */;
			productType = "com.apple.product-type.application";
		};
/* End PBXNativeTarget section */

/* Begin PBXProject section */
		822F0F33152EE92C00BDA153 /* Project object */ = {
			isa = PBXProject;
			attributes = {
				LastUpgradeCheck = 0430;
				ORGANIZATIONNAME = "Troy Ferrell";
			};
			buildConfigurationList = 822F0F36152EE92C00BDA153 /* Build configuration list for PBXProject "ECE256" */;
			compatibilityVersion = "Xcode 3.2";
			developmentRegion = English;
			hasScannedForEncodings = 0;
			knownRegions = (
				en,
			);
			mainGroup = 822F0F31152EE92C00BDA153;
			productRefGroup = 822F0F3D152EE92D00BDA153 /* Products */;
			projectDirPath = "";
			projectRoot = "";
			targets = (
				822F0F3B152EE92D00BDA153 /* ECE256 */,
			);
		};
/* End PBXProject section */

/* Begin PBXResourcesBuildPhase section */
		822F0F3A152EE92D00BDA153 /* Resources */ = {
			isa = PBXResourcesBuildPhase;
			buildActionMask = 2147483647;
			files = (
				822F0F4B152EE92D00BDA153 /* InfoPlist.strings in Resources */,
				822F0F57152EE92D00BDA153 /* ViewController_iPhone.xib in Resources */,
				822F0F5A152EE92D00BDA153 /* ViewController_iPad.xib in Resources */,
			);
			runOnlyForDeploymentPostprocessing = 0;
		};
/* End PBXResourcesBuildPhase section */

/* Begin PBXSourcesBuildPhase section */
		822F0F38152EE92D00BDA153 /* Sources */ = {
			isa = PBXSourcesBuildPhase;
			buildActionMask = 2147483647;
			files = (
				822F0F4D152EE92D00BDA153 /* main.m in Sources */,
				822F0F51152EE92D00BDA153 /* AppDelegate.m in Sources */,
				822F0F54152EE92D00BDA153 /* ViewController.m in Sources */,
				822F0F62152EEA2800BDA153 /* CSVWriter.m in Sources */,
				822F0F7B152F267100BDA153 /* GryoData.m in Sources */,
				E531F271152F516A00BCE6B5 /* KeyHelper.m in Sources */,
				E531F272152F516A00BCE6B5 /* RIOInterface.mm in Sources */,
				E531F27E152F560300BCE6B5 /* CAXException.cpp in Sources */,
			);
			runOnlyForDeploymentPostprocessing = 0;
		};
/* End PBXSourcesBuildPhase section */

/* Begin PBXVariantGroup section */
		822F0F49152EE92D00BDA153 /* InfoPlist.strings */ = {
			isa = PBXVariantGroup;
			children = (
				822F0F4A152EE92D00BDA153 /* en */,
			);
			name = InfoPlist.strings;
			sourceTree = "<group>";
		};
		822F0F55152EE92D00BDA153 /* ViewController_iPhone.xib */ = {
			isa = PBXVariantGroup;
			children = (
				822F0F56152EE92D00BDA153 /* en */,
			);
			name = ViewController_iPhone.xib;
			sourceTree = "<group>";
		};
		822F0F58152EE92D00BDA153 /* ViewController_iPad.xib */ = {
			isa = PBXVariantGroup;
			children = (
				822F0F59152EE92D00BDA153 /* en */,
			);
			name = ViewController_iPad.xib;
			sourceTree = "<group>";
		};
/* End PBXVariantGroup section */

/* Begin XCBuildConfiguration section */
		822F0F5B152EE92D00BDA153 /* Debug */ = {
			isa = XCBuildConfiguration;
			buildSettings = {
				ALWAYS_SEARCH_USER_PATHS = NO;
				ARCHS = "$(ARCHS_STANDARD_32_BIT)";
				"CODE_SIGN_IDENTITY[sdk=iphoneos*]" = "iPhone Developer";
				COPY_PHASE_STRIP = NO;
				GCC_C_LANGUAGE_STANDARD = gnu99;
				GCC_DYNAMIC_NO_PIC = NO;
				GCC_OPTIMIZATION_LEVEL = 0;
				GCC_PREPROCESSOR_DEFINITIONS = (
					"DEBUG=1",
					"$(inherited)",
				);
				GCC_SYMBOLS_PRIVATE_EXTERN = NO;
				GCC_VERSION = com.apple.compilers.llvm.clang.1_0;
				GCC_WARN_ABOUT_RETURN_TYPE = YES;
				GCC_WARN_UNINITIALIZED_AUTOS = YES;
				GCC_WARN_UNUSED_VARIABLE = YES;
				IPHONEOS_DEPLOYMENT_TARGET = 4.2;
				SDKROOT = iphoneos;
				TARGETED_DEVICE_FAMILY = "1,2";
			};
			name = Debug;
		};
		822F0F5C152EE92D00BDA153 /* Release */ = {
			isa = XCBuildConfiguration;
			buildSettings = {
				ALWAYS_SEARCH_USER_PATHS = NO;
				ARCHS = "$(ARCHS_STANDARD_32_BIT)";
				"CODE_SIGN_IDENTITY[sdk=iphoneos*]" = "iPhone Developer";
				COPY_PHASE_STRIP = YES;
				GCC_C_LANGUAGE_STANDARD = gnu99;
				GCC_VERSION = com.apple.compilers.llvm.clang.1_0;
				GCC_WARN_ABOUT_RETURN_TYPE = YES;
				GCC_WARN_UNINITIALIZED_AUTOS = YES;
				GCC_WARN_UNUSED_VARIABLE = YES;
				IPHONEOS_DEPLOYMENT_TARGET = 4.2;
				OTHER_CFLAGS = "-DNS_BLOCK_ASSERTIONS=1";
				SDKROOT = iphoneos;
				TARGETED_DEVICE_FAMILY = "1,2";
				VALIDATE_PRODUCT = YES;
			};
			name = Release;
		};
		822F0F5E152EE92D00BDA153 /* Debug */ = {
			isa = XCBuildConfiguration;
			buildSettings = {
				FRAMEWORK_SEARCH_PATHS = (
					"$(inherited)",
					"\"$(SYSTEM_APPS_DIR)/Xcode.app/Contents/Developer/Library/Frameworks\"",
				);
				GCC_PRECOMPILE_PREFIX_HEADER = YES;
				GCC_PREFIX_HEADER = "ECE256/ECE256-Prefix.pch";
				"HEADER_SEARCH_PATHS[arch=*]" = "";
				INFOPLIST_FILE = "ECE256/ECE256-Info.plist";
				PRODUCT_NAME = "$(TARGET_NAME)";
				WRAPPER_EXTENSION = app;
			};
			name = Debug;
		};
		822F0F5F152EE92D00BDA153 /* Release */ = {
			isa = XCBuildConfiguration;
			buildSettings = {
				FRAMEWORK_SEARCH_PATHS = (
					"$(inherited)",
					"\"$(SYSTEM_APPS_DIR)/Xcode.app/Contents/Developer/Library/Frameworks\"",
				);
				GCC_PRECOMPILE_PREFIX_HEADER = YES;
				GCC_PREFIX_HEADER = "ECE256/ECE256-Prefix.pch";
				INFOPLIST_FILE = "ECE256/ECE256-Info.plist";
				PRODUCT_NAME = "$(TARGET_NAME)";
				WRAPPER_EXTENSION = app;
			};
			name = Release;
		};
/* End XCBuildConfiguration section */

/* Begin XCConfigurationList section */
		822F0F36152EE92C00BDA153 /* Build configuration list for PBXProject "ECE256" */ = {
			isa = XCConfigurationList;
			buildConfigurations = (
				822F0F5B152EE92D00BDA153 /* Debug */,
				822F0F5C152EE92D00BDA153 /* Release */,
			);
			defaultConfigurationIsVisible = 0;
			defaultConfigurationName = Release;
		};
		822F0F5D152EE92D00BDA153 /* Build configuration list for PBXNativeTarget "ECE256" */ = {
			isa = XCConfigurationList;
			buildConfigurations = (
				822F0F5E152EE92D00BDA153 /* Debug */,
				822F0F5F152EE92D00BDA153 /* Release */,
			);
			defaultConfigurationIsVisible = 0;
			defaultConfigurationName = Release;
		};
/* End XCConfigurationList section */
	};
	rootObject = 822F0F33152EE92C00BDA153 /* Project object */;
}
